
Microsoft Visual Studio Solution File, Format Version 12.00
# Visual Studio Version 16
VisualStudioVersion = 16.0.29123.88
MinimumVisualStudioVersion = 10.0.40219.1
Project("{FAE04EC0-301F-11D3-BF4B-00C04F79EFBC}") = "ThisIsAboutMe.UWP", "ThisIsAboutMe\ThisIsAboutMe.UWP\ThisIsAboutMe.UWP.csproj", "{4B3A1522-74DA-44BA-AB64-31E1CC6A167B}"
EndProject
Project("{FAE04EC0-301F-11D3-BF4B-00C04F79EFBC}") = "ThisIsAboutMe.Android", "ThisIsAboutMe\ThisIsAboutMe.Android\ThisIsAboutMe.Android.csproj", "{84587076-D585-48D8-9755-CD64A8A9BBB6}"
EndProject
Project("{FAE04EC0-301F-11D3-BF4B-00C04F79EFBC}") = "ThisIsAboutMe.iOS", "ThisIsAboutMe\ThisIsAboutMe.iOS\ThisIsAboutMe.iOS.csproj", "{DE63A8B7-19FD-4293-9137-6C61C50D6839}"
EndProject
Project("{FAE04EC0-301F-11D3-BF4B-00C04F79EFBC}") = "ThisIsAboutMe", "ThisIsAboutMe\ThisIsAboutMe\ThisIsAboutMe.csproj", "{F56D6C2C-5651-4A95-BBF2-71C7F035C561}"
EndProject
Global
	GlobalSection(SolutionConfigurationPlatforms) = preSolution
		Debug|Any CPU = Debug|Any CPU
		Debug|ARM = Debug|ARM
		Debug|iPhone = Debug|iPhone
		Debug|iPhoneSimulator = Debug|iPhoneSimulator
		Debug|x64 = Debug|x64
		Debug|x86 = Debug|x86
		Release|Any CPU = Release|Any CPU
		Release|ARM = Release|ARM
		Release|iPhone = Release|iPhone
		Release|iPhoneSimulator = Release|iPhoneSimulator
		Release|x64 = Release|x64
		Release|x86 = Release|x86
	EndGlobalSection
	GlobalSection(ProjectConfigurationPlatforms) = postSolution
		{4B3A1522-74DA-44BA-AB64-31E1CC6A167B}.Debug|Any CPU.ActiveCfg = Debug|x86
		{4B3A1522-74DA-44BA-AB64-31E1CC6A167B}.Debug|Any CPU.Build.0 = Debug|x86
		{4B3A1522-74DA-44BA-AB64-31E1CC6A167B}.Debug|Any CPU.Deploy.0 = Debug|x86
		{4B3A1522-74DA-44BA-AB64-31E1CC6A167B}.Debug|ARM.ActiveCfg = Debug|ARM
		{4B3A1522-74DA-44BA-AB64-31E1CC6A167B}.Debug|ARM.Build.0 = Debug|ARM
		{4B3A1522-74DA-44BA-AB64-31E1CC6A167B}.Debug|ARM.Deploy.0 = Debug|ARM
		{4B3A1522-74DA-44BA-AB64-31E1CC6A167B}.Debug|iPhone.ActiveCfg = Debug|x86
		{4B3A1522-74DA-44BA-AB64-31E1CC6A167B}.Debug|iPhone.Build.0 = Debug|x86
		{4B3A1522-74DA-44BA-AB64-31E1CC6A167B}.Debug|iPhone.Deploy.0 = Debug|x86
		{4B3A1522-74DA-44BA-AB64-31E1CC6A167B}.Debug|iPhoneSimulator.ActiveCfg = Debug|x86
		{4B3A1522-74DA-44BA-AB64-31E1CC6A167B}.Debug|iPhoneSimulator.Build.0 = Debug|x86
		{4B3A1522-74DA-44BA-AB64-31E1CC6A167B}.Debug|iPhoneSimulator.Deploy.0 = Debug|x86
		{4B3A1522-74DA-44BA-AB64-31E1CC6A167B}.Debug|x64.ActiveCfg = Debug|x64
		{4B3A1522-74DA-44BA-AB64-31E1CC6A167B}.Debug|x64.Build.0 = Debug|x64
		{4B3A1522-74DA-44BA-AB64-31E1CC6A167B}.Debug|x64.Deploy.0 = Debug|x64
		{4B3A1522-74DA-44BA-AB64-31E1CC6A167B}.Debug|x86.ActiveCfg = Debug|x86
		{4B3A1522-74DA-44BA-AB64-31E1CC6A167B}.Debug|x86.Build.0 = Debug|x86
		{4B3A1522-74DA-44BA-AB64-31E1CC6A167B}.Debug|x86.Deploy.0 = Debug|x86
		{4B3A1522-74DA-44BA-AB64-31E1CC6A167B}.Release|Any CPU.ActiveCfg = Release|x86
		{4B3A1522-74DA-44BA-AB64-31E1CC6A167B}.Release|Any CPU.Build.0 = Release|x86
		{4B3A1522-74DA-44BA-AB64-31E1CC6A167B}.Release|Any CPU.Deploy.0 = Release|x86
		{4B3A1522-74DA-44BA-AB64-31E1CC6A167B}.Release|ARM.ActiveCfg = Release|ARM
		{4B3A1522-74DA-44BA-AB64-31E1CC6A167B}.Release|ARM.Build.0 = Release|ARM
		{4B3A1522-74DA-44BA-AB64-31E1CC6A167B}.Release|ARM.Deploy.0 = Release|ARM
		{4B3A1522-74DA-44BA-AB64-31E1CC6A167B}.Release|iPhone.ActiveCfg = Release|x86
		{4B3A1522-74DA-44BA-AB64-31E1CC6A167B}.Release|iPhone.Build.0 = Release|x86
		{4B3A1522-74DA-44BA-AB64-31E1CC6A167B}.Release|iPhone.Deploy.0 = Release|x86
		{4B3A1522-74DA-44BA-AB64-31E1CC6A167B}.Release|iPhoneSimulator.ActiveCfg = Release|x86
		{4B3A1522-74DA-44BA-AB64-31E1CC6A167B}.Release|iPhoneSimulator.Build.0 = Release|x86
		{4B3A1522-74DA-44BA-AB64-31E1CC6A167B}.Release|iPhoneSimulator.Deploy.0 = Release|x86
		{4B3A1522-74DA-44BA-AB64-31E1CC6A167B}.Release|x64.ActiveCfg = Release|x64
		{4B3A1522-74DA-44BA-AB64-31E1CC6A167B}.Release|x64.Build.0 = Release|x64
		{4B3A1522-74DA-44BA-AB64-31E1CC6A167B}.Release|x64.Deploy.0 = Release|x64
		{4B3A1522-74DA-44BA-AB64-31E1CC6A167B}.Release|x86.ActiveCfg = Release|x86
		{4B3A1522-74DA-44BA-AB64-31E1CC6A167B}.Release|x86.Build.0 = Release|x86
		{4B3A1522-74DA-44BA-AB64-31E1CC6A167B}.Release|x86.Deploy.0 = Release|x86
		{84587076-D585-48D8-9755-CD64A8A9BBB6}.Debug|Any CPU.ActiveCfg = Debug|Any CPU
		{84587076-D585-48D8-9755-CD64A8A9BBB6}.Debug|Any CPU.Build.0 = Debug|Any CPU
		{84587076-D585-48D8-9755-CD64A8A9BBB6}.Debug|Any CPU.Deploy.0 = Debug|Any CPU
		{84587076-D585-48D8-9755-CD64A8A9BBB6}.Debug|ARM.ActiveCfg = Debug|Any CPU
		{84587076-D585-48D8-9755-CD64A8A9BBB6}.Debug|ARM.Build.0 = Debug|Any CPU
		{84587076-D585-48D8-9755-CD64A8A9BBB6}.Debug|ARM.Deploy.0 = Debug|Any CPU
		{84587076-D585-48D8-9755-CD64A8A9BBB6}.Debug|iPhone.ActiveCfg = Debug|Any CPU
		{84587076-D585-48D8-9755-CD64A8A9BBB6}.Debug|iPhone.Build.0 = Debug|Any CPU
		{84587076-D585-48D8-9755-CD64A8A9BBB6}.Debug|iPhone.Deploy.0 = Debug|Any CPU
		{84587076-D585-48D8-9755-CD64A8A9BBB6}.Debug|iPhoneSimulator.ActiveCfg = Debug|Any CPU
		{84587076-D585-48D8-9755-CD64A8A9BBB6}.Debug|iPhoneSimulator.Build.0 = Debug|Any CPU
		{84587076-D585-48D8-9755-CD64A8A9BBB6}.Debug|iPhoneSimulator.Deploy.0 = Debug|Any CPU
		{84587076-D585-48D8-9755-CD64A8A9BBB6}.Debug|x64.ActiveCfg = Debug|Any CPU
		{84587076-D585-48D8-9755-CD64A8A9BBB6}.Debug|x64.Build.0 = Debug|Any CPU
		{84587076-D585-48D8-9755-CD64A8A9BBB6}.Debug|x64.Deploy.0 = Debug|Any CPU
		{84587076-D585-48D8-9755-CD64A8A9BBB6}.Debug|x86.ActiveCfg = Debug|Any CPU
		{84587076-D585-48D8-9755-CD64A8A9BBB6}.Debug|x86.Build.0 = Debug|Any CPU
		{84587076-D585-48D8-9755-CD64A8A9BBB6}.Debug|x86.Deploy.0 = Debug|Any CPU
		{84587076-D585-48D8-9755-CD64A8A9BBB6}.Release|Any CPU.ActiveCfg = Release|Any CPU
		{84587076-D585-48D8-9755-CD64A8A9BBB6}.Release|Any CPU.Build.0 = Release|Any CPU
		{84587076-D585-48D8-9755-CD64A8A9BBB6}.Release|Any CPU.Deploy.0 = Release|Any CPU
		{84587076-D585-48D8-9755-CD64A8A9BBB6}.Release|ARM.ActiveCfg = Release|Any CPU
		{84587076-D585-48D8-9755-CD64A8A9BBB6}.Release|ARM.Build.0 = Release|Any CPU
		{84587076-D585-48D8-9755-CD64A8A9BBB6}.Release|ARM.Deploy.0 = Release|Any CPU
		{84587076-D585-48D8-9755-CD64A8A9BBB6}.Release|iPhone.ActiveCfg = Release|Any CPU
		{84587076-D585-48D8-9755-CD64A8A9BBB6}.Release|iPhone.Build.0 = Release|Any CPU
		{84587076-D585-48D8-9755-CD64A8A9BBB6}.Release|iPhone.Deploy.0 = Release|Any CPU
		{84587076-D585-48D8-9755-CD64A8A9BBB6}.Release|iPhoneSimulator.ActiveCfg = Release|Any CPU
		{84587076-D585-48D8-9755-CD64A8A9BBB6}.Release|iPhoneSimulator.Build.0 = Release|Any CPU
		{84587076-D585-48D8-9755-CD64A8A9BBB6}.Release|iPhoneSimulator.Deploy.0 = Release|Any CPU
		{84587076-D585-48D8-9755-CD64A8A9BBB6}.Release|x64.ActiveCfg = Release|Any CPU
		{84587076-D585-48D8-9755-CD64A8A9BBB6}.Release|x64.Build.0 = Release|Any CPU
		{84587076-D585-48D8-9755-CD64A8A9BBB6}.Release|x64.Deploy.0 = Release|Any CPU
		{84587076-D585-48D8-9755-CD64A8A9BBB6}.Release|x86.ActiveCfg = Release|Any CPU
		{84587076-D585-48D8-9755-CD64A8A9BBB6}.Release|x86.Build.0 = Release|Any CPU
		{84587076-D585-48D8-9755-CD64A8A9BBB6}.Release|x86.Deploy.0 = Release|Any CPU
		{DE63A8B7-19FD-4293-9137-6C61C50D6839}.Debug|Any CPU.ActiveCfg = Debug|iPhone
		{DE63A8B7-19FD-4293-9137-6C61C50D6839}.Debug|Any CPU.Build.0 = Debug|iPhone
		{DE63A8B7-19FD-4293-9137-6C61C50D6839}.Debug|Any CPU.Deploy.0 = Debug|iPhone
		{DE63A8B7-19FD-4293-9137-6C61C50D6839}.Debug|ARM.ActiveCfg = Debug|iPhoneSimulator
		{DE63A8B7-19FD-4293-9137-6C61C50D6839}.Debug|ARM.Build.0 = Debug|iPhoneSimulator
		{DE63A8B7-19FD-4293-9137-6C61C50D6839}.Debug|ARM.Deploy.0 = Debug|iPhoneSimulator
		{DE63A8B7-19FD-4293-9137-6C61C50D6839}.Debug|iPhone.ActiveCfg = Debug|iPhone
		{DE63A8B7-19FD-4293-9137-6C61C50D6839}.Debug|iPhone.Build.0 = Debug|iPhone
		{DE63A8B7-19FD-4293-9137-6C61C50D6839}.Debug|iPhone.Deploy.0 = Debug|iPhone
		{DE63A8B7-19FD-4293-9137-6C61C50D6839}.Debug|iPhoneSimulator.ActiveCfg = Debug|iPhoneSimulator
		{DE63A8B7-19FD-4293-9137-6C61C50D6839}.Debug|iPhoneSimulator.Build.0 = Debug|iPhoneSimulator
		{DE63A8B7-19FD-4293-9137-6C61C50D6839}.Debug|iPhoneSimulator.Deploy.0 = Debug|iPhoneSimulator
		{DE63A8B7-19FD-4293-9137-6C61C50D6839}.Debug|x64.ActiveCfg = Debug|iPhone
		{DE63A8B7-19FD-4293-9137-6C61C50D6839}.Debug|x64.Build.0 = Debug|iPhone
		{DE63A8B7-19FD-4293-9137-6C61C50D6839}.Debug|x64.Deploy.0 = Debug|iPhone
		{DE63A8B7-19FD-4293-9137-6C61C50D6839}.Debug|x86.ActiveCfg = Debug|iPhone
		{DE63A8B7-19FD-4293-9137-6C61C50D6839}.Debug|x86.Build.0 = Debug|iPhone
		{DE63A8B7-19FD-4293-9137-6C61C50D6839}.Debug|x86.Deploy.0 = Debug|iPhone
		{DE63A8B7-19FD-4293-9137-6C61C50D6839}.Release|Any CPU.ActiveCfg = Release|iPhone
		{DE63A8B7-19FD-4293-9137-6C61C50D6839}.Release|Any CPU.Build.0 = Release|iPhone
		{DE63A8B7-19FD-4293-9137-6C61C50D6839}.Release|Any CPU.Deploy.0 = Release|iPhone
		{DE63A8B7-19FD-4293-9137-6C61C50D6839}.Release|ARM.ActiveCfg = Release|iPhone
		{DE63A8B7-19FD-4293-9137-6C61C50D6839}.Release|ARM.Build.0 = Release|iPhone
		{DE63A8B7-19FD-4293-9137-6C61C50D6839}.Release|ARM.Deploy.0 = Release|iPhone
		{DE63A8B7-19FD-4293-9137-6C61C50D6839}.Release|iPhone.ActiveCfg = Release|iPhone
		{DE63A8B7-19FD-4293-9137-6C61C50D6839}.Release|iPhone.Build.0 = Release|iPhone
		{DE63A8B7-19FD-4293-9137-6C61C50D6839}.Release|iPhone.Deploy.0 = Release|iPhone
		{DE63A8B7-19FD-4293-9137-6C61C50D6839}.Release|iPhoneSimulator.ActiveCfg = Release|iPhoneSimulator
		{DE63A8B7-19FD-4293-9137-6C61C50D6839}.Release|iPhoneSimulator.Build.0 = Release|iPhoneSimulator
		{DE63A8B7-19FD-4293-9137-6C61C50D6839}.Release|iPhoneSimulator.Deploy.0 = Release|iPhoneSimulator
		{DE63A8B7-19FD-4293-9137-6C61C50D6839}.Release|x64.ActiveCfg = Release|iPhone
		{DE63A8B7-19FD-4293-9137-6C61C50D6839}.Release|x64.Build.0 = Release|iPhone
		{DE63A8B7-19FD-4293-9137-6C61C50D6839}.Release|x64.Deploy.0 = Release|iPhone
		{DE63A8B7-19FD-4293-9137-6C61C50D6839}.Release|x86.ActiveCfg = Release|iPhone
		{DE63A8B7-19FD-4293-9137-6C61C50D6839}.Release|x86.Build.0 = Release|iPhone
		{DE63A8B7-19FD-4293-9137-6C61C50D6839}.Release|x86.Deploy.0 = Release|iPhone
		{F56D6C2C-5651-4A95-BBF2-71C7F035C561}.Debug|Any CPU.ActiveCfg = Debug|Any CPU
		{F56D6C2C-5651-4A95-BBF2-71C7F035C561}.Debug|Any CPU.Build.0 = Debug|Any CPU
		{F56D6C2C-5651-4A95-BBF2-71C7F035C561}.Debug|Any CPU.Deploy.0 = Debug|Any CPU
		{F56D6C2C-5651-4A95-BBF2-71C7F035C561}.Debug|ARM.ActiveCfg = Debug|Any CPU
		{F56D6C2C-5651-4A95-BBF2-71C7F035C561}.Debug|ARM.Build.0 = Debug|Any CPU
		{F56D6C2C-5651-4A95-BBF2-71C7F035C561}.Debug|ARM.Deploy.0 = Debug|Any CPU
		{F56D6C2C-5651-4A95-BBF2-71C7F035C561}.Debug|iPhone.ActiveCfg = Debug|Any CPU
		{F56D6C2C-5651-4A95-BBF2-71C7F035C561}.Debug|iPhone.Build.0 = Debug|Any CPU
		{F56D6C2C-5651-4A95-BBF2-71C7F035C561}.Debug|iPhone.Deploy.0 = Debug|Any CPU
		{F56D6C2C-5651-4A95-BBF2-71C7F035C561}.Debug|iPhoneSimulator.ActiveCfg = Debug|Any CPU
		{F56D6C2C-5651-4A95-BBF2-71C7F035C561}.Debug|iPhoneSimulator.Build.0 = Debug|Any CPU
		{F56D6C2C-5651-4A95-BBF2-71C7F035C561}.Debug|iPhoneSimulator.Deploy.0 = Debug|Any CPU
		{F56D6C2C-5651-4A95-BBF2-71C7F035C561}.Debug|x64.ActiveCfg = Debug|Any CPU
		{F56D6C2C-5651-4A95-BBF2-71C7F035C561}.Debug|x64.Build.0 = Debug|Any CPU
		{F56D6C2C-5651-4A95-BBF2-71C7F035C561}.Debug|x64.Deploy.0 = Debug|Any CPU
		{F56D6C2C-5651-4A95-BBF2-71C7F035C561}.Debug|x86.ActiveCfg = Debug|Any CPU
		{F56D6C2C-5651-4A95-BBF2-71C7F035C561}.Debug|x86.Build.0 = Debug|Any CPU
		{F56D6C2C-5651-4A95-BBF2-71C7F035C561}.Debug|x86.Deploy.0 = Debug|Any CPU
		{F56D6C2C-5651-4A95-BBF2-71C7F035C561}.Release|Any CPU.ActiveCfg = Release|Any CPU
		{F56D6C2C-5651-4A95-BBF2-71C7F035C561}.Release|Any CPU.Build.0 = Release|Any CPU
		{F56D6C2C-5651-4A95-BBF2-71C7F035C561}.Release|Any CPU.Deploy.0 = Release|Any CPU
		{F56D6C2C-5651-4A95-BBF2-71C7F035C561}.Release|ARM.ActiveCfg = Release|Any CPU
		{F56D6C2C-5651-4A95-BBF2-71C7F035C561}.Release|ARM.Build.0 = Release|Any CPU
		{F56D6C2C-5651-4A95-BBF2-71C7F035C561}.Release|ARM.Deploy.0 = Release|Any CPU
		{F56D6C2C-5651-4A95-BBF2-71C7F035C561}.Release|iPhone.ActiveCfg = Release|Any CPU
		{F56D6C2C-5651-4A95-BBF2-71C7F035C561}.Release|iPhone.Build.0 = Release|Any CPU
		{F56D6C2C-5651-4A95-BBF2-71C7F035C561}.Release|iPhone.Deploy.0 = Release|Any CPU
		{F56D6C2C-5651-4A95-BBF2-71C7F035C561}.Release|iPhoneSimulator.ActiveCfg = Release|Any CPU
		{F56D6C2C-5651-4A95-BBF2-71C7F035C561}.Release|iPhoneSimulator.Build.0 = Release|Any CPU
		{F56D6C2C-5651-4A95-BBF2-71C7F035C561}.Release|iPhoneSimulator.Deploy.0 = Release|Any CPU
		{F56D6C2C-5651-4A95-BBF2-71C7F035C561}.Release|x64.ActiveCfg = Release|Any CPU
		{F56D6C2C-5651-4A95-BBF2-71C7F035C561}.Release|x64.Build.0 = Release|Any CPU
		{F56D6C2C-5651-4A95-BBF2-71C7F035C561}.Release|x64.Deploy.0 = Release|Any CPU
		{F56D6C2C-5651-4A95-BBF2-71C7F035C561}.Release|x86.ActiveCfg = Release|Any CPU
		{F56D6C2C-5651-4A95-BBF2-71C7F035C561}.Release|x86.Build.0 = Release|Any CPU
		{F56D6C2C-5651-4A95-BBF2-71C7F035C561}.Release|x86.Deploy.0 = Release|Any CPU
	EndGlobalSection
	GlobalSection(SolutionProperties) = preSolution
		HideSolutionNode = FALSE
	EndGlobalSection
	GlobalSection(ExtensibilityGlobals) = postSolution
		SolutionGuid = {B1F61A24-5E55-4A2A-92C3-5EF100215633}
	EndGlobalSection
EndGlobal
